# THIS IS AN AUTOGENERATED FILE. DO NOT EDIT THIS FILE DIRECTLY.
# yarn lockfile v1


"@babel/parser@*":
  version "7.18.11"
  resolved "https://registry.yarnpkg.com/@babel/parser/-/parser-7.18.11.tgz#68bb07ab3d380affa9a3f96728df07969645d2d9"
  integrity sha512-9JKn5vN+hDt0Hdqn1PiJ2guflwP+B6Ga8qbDuoF0PzzVhrzsKIJo8yGqVk6CmMHiMei9w1C1Bp9IMJSIK+HPIQ==

chalk@*:
  version "5.0.1"
  resolved "https://registry.yarnpkg.com/chalk/-/chalk-5.0.1.tgz#ca57d71e82bb534a296df63bbacc4a1c22b2a4b6"
  integrity sha512-Fo07WOYGqMfCWHOzSXOt2CxDbC6skS/jO9ynEcmpANMoPrD+W1r1K6Vx7iNm+AQmETU1Xr2t+n8nzkV9t6xh3w==
